
Microsoft Visual Studio Solution File, Format Version 12.00
# Visual Studio Version 16
VisualStudioVersion = 16.0.30709.132
MinimumVisualStudioVersion = 10.0.40219.1
Project("{9A19103F-16F7-4668-BE54-9A1E7A4F7556}") = "opdracht 1", "opdracht 1\opdracht 1.csproj", "{7E6303A4-590A-468A-BE1A-D0743F2FF891}"
EndProject
Project("{FAE04EC0-301F-11D3-BF4B-00C04F79EFBC}") = "Opdracht 2", "Opdracht 2\Opdracht 2.csproj", "{295E3F58-CFFE-43A4-88A7-2A9111D49311}"
EndProject
Project("{FAE04EC0-301F-11D3-BF4B-00C04F79EFBC}") = "opdracht 3", "opdracht 3\opdracht 3.csproj", "{B3763D22-FA93-4BBC-B28C-4B19547B5DD7}"
EndProject
Project("{FAE04EC0-301F-11D3-BF4B-00C04F79EFBC}") = "opdracht 4", "opdracht 4\opdracht 4.csproj", "{F5818410-65D9-4150-A5EE-ED3EF200BEE0}"
EndProject
Global
	GlobalSection(SolutionConfigurationPlatforms) = preSolution
		Debug|Any CPU = Debug|Any CPU
		Release|Any CPU = Release|Any CPU
	EndGlobalSection
	GlobalSection(ProjectConfigurationPlatforms) = postSolution
		{7E6303A4-590A-468A-BE1A-D0743F2FF891}.Debug|Any CPU.ActiveCfg = Debug|Any CPU
		{7E6303A4-590A-468A-BE1A-D0743F2FF891}.Debug|Any CPU.Build.0 = Debug|Any CPU
		{7E6303A4-590A-468A-BE1A-D0743F2FF891}.Release|Any CPU.ActiveCfg = Release|Any CPU
		{7E6303A4-590A-468A-BE1A-D0743F2FF891}.Release|Any CPU.Build.0 = Release|Any CPU
		{295E3F58-CFFE-43A4-88A7-2A9111D49311}.Debug|Any CPU.ActiveCfg = Debug|Any CPU
		{295E3F58-CFFE-43A4-88A7-2A9111D49311}.Debug|Any CPU.Build.0 = Debug|Any CPU
		{295E3F58-CFFE-43A4-88A7-2A9111D49311}.Release|Any CPU.ActiveCfg = Release|Any CPU
		{295E3F58-CFFE-43A4-88A7-2A9111D49311}.Release|Any CPU.Build.0 = Release|Any CPU
		{B3763D22-FA93-4BBC-B28C-4B19547B5DD7}.Debug|Any CPU.ActiveCfg = Debug|Any CPU
		{B3763D22-FA93-4BBC-B28C-4B19547B5DD7}.Debug|Any CPU.Build.0 = Debug|Any CPU
		{B3763D22-FA93-4BBC-B28C-4B19547B5DD7}.Release|Any CPU.ActiveCfg = Release|Any CPU
		{B3763D22-FA93-4BBC-B28C-4B19547B5DD7}.Release|Any CPU.Build.0 = Release|Any CPU
		{F5818410-65D9-4150-A5EE-ED3EF200BEE0}.Debug|Any CPU.ActiveCfg = Debug|Any CPU
		{F5818410-65D9-4150-A5EE-ED3EF200BEE0}.Debug|Any CPU.Build.0 = Debug|Any CPU
		{F5818410-65D9-4150-A5EE-ED3EF200BEE0}.Release|Any CPU.ActiveCfg = Release|Any CPU
		{F5818410-65D9-4150-A5EE-ED3EF200BEE0}.Release|Any CPU.Build.0 = Release|Any CPU
	EndGlobalSection
	GlobalSection(SolutionProperties) = preSolution
		HideSolutionNode = FALSE
	EndGlobalSection
	GlobalSection(ExtensibilityGlobals) = postSolution
		SolutionGuid = {EA87B28D-B7EE-4B8F-81EA-963609CFF449}
	EndGlobalSection
EndGlobal
